
Microsoft Visual Studio Solution File, Format Version 12.00
# Visual Studio Version 17
VisualStudioVersion = 17.10.35013.160
MinimumVisualStudioVersion = 10.0.40219.1
Project("{FAE04EC0-301F-11D3-BF4B-00C04F79EFBC}") = "Interface", "Interface.csproj", "{DB6DC5A1-2B77-4610-B0EB-992D4603EC88}"
EndProject
Global
	GlobalSection(SolutionConfigurationPlatforms) = preSolution
		Debug|Any CPU = Debug|Any CPU
		Release|Any CPU = Release|Any CPU
	EndGlobalSection
	GlobalSection(ProjectConfigurationPlatforms) = postSolution
		{DB6DC5A1-2B77-4610-B0EB-992D4603EC88}.Debug|Any CPU.ActiveCfg = Debug|Any CPU
		{DB6DC5A1-2B77-4610-B0EB-992D4603EC88}.Debug|Any CPU.Build.0 = Debug|Any CPU
		{DB6DC5A1-2B77-4610-B0EB-992D4603EC88}.Release|Any CPU.ActiveCfg = Release|Any CPU
		{DB6DC5A1-2B77-4610-B0EB-992D4603EC88}.Release|Any CPU.Build.0 = Release|Any CPU
	EndGlobalSection
	GlobalSection(SolutionProperties) = preSolution
		HideSolutionNode = FALSE
	EndGlobalSection
	GlobalSection(ExtensibilityGlobals) = postSolution
		SolutionGuid = {9C4A441B-65B7-47C9-91E1-B416623965F6}
	EndGlobalSection
EndGlobal
